{
  "nodes": {
    "home-manager": {
      "inputs": {
        "nixpkgs": [
          "nixpkgs"
        ]
      },
      "locked": {
        "lastModified": 1711868868,
        "narHash": "sha256-QpZanlbVu6Gb2K96u3vgu0F2BvZD74+fOsIFWcYEXoY=",
        "owner": "nix-community",
        "repo": "home-manager",
        "rev": "30f2ec39519f4f5a8a96af808c439e730c15aeab",
        "type": "github"
      },
      "original": {
        "owner": "nix-community",
        "ref": "master",
        "repo": "home-manager",
        "type": "github"
      }
    },
    "nixpkgs": {
      "locked": {
        "lastModified": 1709056922,
        "narHash": "sha256-fvtLj3pdkZvjk2Hm4Ma3Vrmw9yMIFhY9grfoHxDoZjg=",
        "owner": "alois31",
        "repo": "nixpkgs",
        "rev": "87d7feea533684d72e75f2c3b09747e279db709d",
        "type": "github"
      },
      "original": {
        "owner": "alois31",
        "ref": "replacedependencies",
        "repo": "nixpkgs",
        "type": "github"
      }
    },
    "root": {
      "inputs": {
        "home-manager": "home-manager",
        "nixpkgs": "nixpkgs"
      }
    }
  },
  "root": "root",
  "version": 7
}
